// !$*UTF8*$!
{
	archiveVersion = 1;
	classes = {
	};
	objectVersion = 56;
	objects = {

/* Begin PBXBuildFile section */
		80835E462A0BE37B004741B5 /* SifakaApp.swift in Sources */ = {isa = PBXBuildFile; fileRef = 80835E452A0BE37B004741B5 /* SifakaApp.swift */; };
		80835E482A0BE37B004741B5 /* ContentView.swift in Sources */ = {isa = PBXBuildFile; fileRef = 80835E472A0BE37B004741B5 /* ContentView.swift */; };
		80835E4A2A0BE37C004741B5 /* Assets.xcassets in Resources */ = {isa = PBXBuildFile; fileRef = 80835E492A0BE37C004741B5 /* Assets.xcassets */; };
		80835E4D2A0BE37C004741B5 /* Preview Assets.xcassets in Resources */ = {isa = PBXBuildFile; fileRef = 80835E4C2A0BE37C004741B5 /* Preview Assets.xcassets */; };
		80835E582A0BE37C004741B5 /* SifakaTests.swift in Sources */ = {isa = PBXBuildFile; fileRef = 80835E572A0BE37C004741B5 /* SifakaTests.swift */; };
		80835E622A0BE37C004741B5 /* SifakaUITests.swift in Sources */ = {isa = PBXBuildFile; fileRef = 80835E612A0BE37C004741B5 /* SifakaUITests.swift */; };
		80835E642A0BE37C004741B5 /* SifakaUITestsLaunchTests.swift in Sources */ = {isa = PBXBuildFile; fileRef = 80835E632A0BE37C004741B5 /* SifakaUITestsLaunchTests.swift */; };
/* End PBXBuildFile section */

/* Begin PBXContainerItemProxy section */
		80835E542A0BE37C004741B5 /* PBXContainerItemProxy */ = {
			isa = PBXContainerItemProxy;
			containerPortal = 80835E3A2A0BE37B004741B5 /* Project object */;
			proxyType = 1;
			remoteGlobalIDString = 80835E412A0BE37B004741B5;
			remoteInfo = Sifaka;
		};
		80835E5E2A0BE37C004741B5 /* PBXContainerItemProxy */ = {
			isa = PBXContainerItemProxy;
			containerPortal = 80835E3A2A0BE37B004741B5 /* Project object */;
			proxyType = 1;
			remoteGlobalIDString = 80835E412A0BE37B004741B5;
			remoteInfo = Sifaka;
		};
/* End PBXContainerItemProxy section */

/* Begin PBXFileReference section */
		80835E422A0BE37B004741B5 /* Sifaka.app */ = {isa = PBXFileReference; explicitFileType = wrapper.application; includeInIndex = 0; path = Sifaka.app; sourceTree = BUILT_PRODUCTS_DIR; };
		80835E452A0BE37B004741B5 /* SifakaApp.swift */ = {isa = PBXFileReference; lastKnownFileType = sourcecode.swift; path = SifakaApp.swift; sourceTree = "<group>"; };
		80835E472A0BE37B004741B5 /* ContentView.swift */ = {isa = PBXFileReference; lastKnownFileType = sourcecode.swift; path = ContentView.swift; sourceTree = "<group>"; };
		80835E492A0BE37C004741B5 /* Assets.xcassets */ = {isa = PBXFileReference; lastKnownFileType = folder.assetcatalog; path = Assets.xcassets; sourceTree = "<group>"; };
		80835E4C2A0BE37C004741B5 /* Preview Assets.xcassets */ = {isa = PBXFileReference; lastKnownFileType = folder.assetcatalog; path = "Preview Assets.xcassets"; sourceTree = "<group>"; };
		80835E4E2A0BE37C004741B5 /* Sifaka.entitlements */ = {isa = PBXFileReference; lastKnownFileType = text.plist.entitlements; path = Sifaka.entitlements; sourceTree = "<group>"; };
		80835E532A0BE37C004741B5 /* SifakaTests.xctest */ = {isa = PBXFileReference; explicitFileType = wrapper.cfbundle; includeInIndex = 0; path = SifakaTests.xctest; sourceTree = BUILT_PRODUCTS_DIR; };
		80835E572A0BE37C004741B5 /* SifakaTests.swift */ = {isa = PBXFileReference; lastKnownFileType = sourcecode.swift; path = SifakaTests.swift; sourceTree = "<group>"; };
		80835E5D2A0BE37C004741B5 /* SifakaUITests.xctest */ = {isa = PBXFileReference; explicitFileType = wrapper.cfbundle; includeInIndex = 0; path = SifakaUITests.xctest; sourceTree = BUILT_PRODUCTS_DIR; };
		80835E612A0BE37C004741B5 /* SifakaUITests.swift */ = {isa = PBXFileReference; lastKnownFileType = sourcecode.swift; path = SifakaUITests.swift; sourceTree = "<group>"; };
		80835E632A0BE37C004741B5 /* SifakaUITestsLaunchTests.swift */ = {isa = PBXFileReference; lastKnownFileType = sourcecode.swift; path = SifakaUITestsLaunchTests.swift; sourceTree = "<group>"; };
/* End PBXFileReference section */

/* Begin PBXFrameworksBuildPhase section */
		80835E3F2A0BE37B004741B5 /* Frameworks */ = {
			isa = PBXFrameworksBuildPhase;
			buildActionMask = 2147483647;
			files = (
			);
			runOnlyForDeploymentPostprocessing = 0;
		};
		80835E502A0BE37C004741B5 /* Frameworks */ = {
			isa = PBXFrameworksBuildPhase;
			buildActionMask = 2147483647;
			files = (
			);
			runOnlyForDeploymentPostprocessing = 0;
		};
		80835E5A2A0BE37C004741B5 /* Frameworks */ = {
			isa = PBXFrameworksBuildPhase;
			buildActionMask = 2147483647;
			files = (
			);
			runOnlyForDeploymentPostprocessing = 0;
		};
/* End PBXFrameworksBuildPhase section */

/* Begin PBXGroup section */
		80835E392A0BE37B004741B5 = {
			isa = PBXGroup;
			children = (
				80835E442A0BE37B004741B5 /* Sifaka */,
				80835E562A0BE37C004741B5 /* SifakaTests */,
				80835E602A0BE37C004741B5 /* SifakaUITests */,
				80835E432A0BE37B004741B5 /* Products */,
			);
			sourceTree = "<group>";
		};
		80835E432A0BE37B004741B5 /* Products */ = {
			isa = PBXGroup;
			children = (
				80835E422A0BE37B004741B5 /* Sifaka.app */,
				80835E532A0BE37C004741B5 /* SifakaTests.xctest */,
				80835E5D2A0BE37C004741B5 /* SifakaUITests.xctest */,
			);
			name = Products;
			sourceTree = "<group>";
		};
		80835E442A0BE37B004741B5 /* Sifaka */ = {
			isa = PBXGroup;
			children = (
				80835E452A0BE37B004741B5 /* SifakaApp.swift */,
				80835E472A0BE37B004741B5 /* ContentView.swift */,
				80835E492A0BE37C004741B5 /* Assets.xcassets */,
				80835E4E2A0BE37C004741B5 /* Sifaka.entitlements */,
				80835E4B2A0BE37C004741B5 /* Preview Content */,
			);
			path = Sifaka;
			sourceTree = "<group>";
		};
		80835E4B2A0BE37C004741B5 /* Preview Content */ = {
			isa = PBXGroup;
			children = (
				80835E4C2A0BE37C004741B5 /* Preview Assets.xcassets */,
			);
			path = "Preview Content";
			sourceTree = "<group>";
		};
		80835E562A0BE37C004741B5 /* SifakaTests */ = {
			isa = PBXGroup;
			children = (
				80835E572A0BE37C004741B5 /* SifakaTests.swift */,
			);
			path = SifakaTests;
			sourceTree = "<group>";
		};
		80835E602A0BE37C004741B5 /* SifakaUITests */ = {
			isa = PBXGroup;
			children = (
				80835E612A0BE37C004741B5 /* SifakaUITests.swift */,
				80835E632A0BE37C004741B5 /* SifakaUITestsLaunchTests.swift */,
			);
			path = SifakaUITests;
			sourceTree = "<group>";
		};
/* End PBXGroup section */

/* Begin PBXNativeTarget section */
		80835E412A0BE37B004741B5 /* Sifaka */ = {
			isa = PBXNativeTarget;
			buildConfigurationList = 80835E672A0BE37C004741B5 /* Build configuration list for PBXNativeTarget "Sifaka" */;
			buildPhases = (
				80835E3E2A0BE37B004741B5 /* Sources */,
				80835E3F2A0BE37B004741B5 /* Frameworks */,
				80835E402A0BE37B004741B5 /* Resources */,
			);
			buildRules = (
			);
			dependencies = (
			);
			name = Sifaka;
			productName = Sifaka;
			productReference = 80835E422A0BE37B004741B5 /* Sifaka.app */;
			productType = "com.apple.product-type.application";
		};
		80835E522A0BE37C004741B5 /* SifakaTests */ = {
			isa = PBXNativeTarget;
			buildConfigurationList = 80835E6A2A0BE37C004741B5 /* Build configuration list for PBXNativeTarget "SifakaTests" */;
			buildPhases = (
				80835E4F2A0BE37C004741B5 /* Sources */,
				80835E502A0BE37C004741B5 /* Frameworks */,
				80835E512A0BE37C004741B5 /* Resources */,
			);
			buildRules = (
			);
			dependencies = (
				80835E552A0BE37C004741B5 /* PBXTargetDependency */,
			);
			name = SifakaTests;
			productName = SifakaTests;
			productReference = 80835E532A0BE37C004741B5 /* SifakaTests.xctest */;
			productType = "com.apple.product-type.bundle.unit-test";
		};
		80835E5C2A0BE37C004741B5 /* SifakaUITests */ = {
			isa = PBXNativeTarget;
			buildConfigurationList = 80835E6D2A0BE37C004741B5 /* Build configuration list for PBXNativeTarget "SifakaUITests" */;
			buildPhases = (
				80835E592A0BE37C004741B5 /* Sources */,
				80835E5A2A0BE37C004741B5 /* Frameworks */,
				80835E5B2A0BE37C004741B5 /* Resources */,
			);
			buildRules = (
			);
			dependencies = (
				80835E5F2A0BE37C004741B5 /* PBXTargetDependency */,
			);
			name = SifakaUITests;
			productName = SifakaUITests;
			productReference = 80835E5D2A0BE37C004741B5 /* SifakaUITests.xctest */;
			productType = "com.apple.product-type.bundle.ui-testing";
		};
/* End PBXNativeTarget section */

/* Begin PBXProject section */
		80835E3A2A0BE37B004741B5 /* Project object */ = {
			isa = PBXProject;
			attributes = {
				BuildIndependentTargetsInParallel = 1;
				LastSwiftUpdateCheck = 1430;
				LastUpgradeCheck = 1430;
				TargetAttributes = {
					80835E412A0BE37B004741B5 = {
						CreatedOnToolsVersion = 14.3;
					};
					80835E522A0BE37C004741B5 = {
						CreatedOnToolsVersion = 14.3;
						TestTargetID = 80835E412A0BE37B004741B5;
					};
					80835E5C2A0BE37C004741B5 = {
						CreatedOnToolsVersion = 14.3;
						TestTargetID = 80835E412A0BE37B004741B5;
					};
				};
			};
			buildConfigurationList = 80835E3D2A0BE37B004741B5 /* Build configuration list for PBXProject "Sifaka" */;
			compatibilityVersion = "Xcode 14.0";
			developmentRegion = en;
			hasScannedForEncodings = 0;
			knownRegions = (
				en,
				Base,
			);
			mainGroup = 80835E392A0BE37B004741B5;
			productRefGroup = 80835E432A0BE37B004741B5 /* Products */;
			projectDirPath = "";
			projectRoot = "";
			targets = (
				80835E412A0BE37B004741B5 /* Sifaka */,
				80835E522A0BE37C004741B5 /* SifakaTests */,
				80835E5C2A0BE37C004741B5 /* SifakaUITests */,
			);
		};
/* End PBXProject section */

/* Begin PBXResourcesBuildPhase section */
		80835E402A0BE37B004741B5 /* Resources */ = {
			isa = PBXResourcesBuildPhase;
			buildActionMask = 2147483647;
			files = (
				80835E4D2A0BE37C004741B5 /* Preview Assets.xcassets in Resources */,
				80835E4A2A0BE37C004741B5 /* Assets.xcassets in Resources */,
			);
			runOnlyForDeploymentPostprocessing = 0;
		};
		80835E512A0BE37C004741B5 /* Resources */ = {
			isa = PBXResourcesBuildPhase;
			buildActionMask = 2147483647;
			files = (
			);
			runOnlyForDeploymentPostprocessing = 0;
		};
		80835E5B2A0BE37C004741B5 /* Resources */ = {
			isa = PBXResourcesBuildPhase;
			buildActionMask = 2147483647;
			files = (
			);
			runOnlyForDeploymentPostprocessing = 0;
		};
/* End PBXResourcesBuildPhase section */

/* Begin PBXSourcesBuildPhase section */
		80835E3E2A0BE37B004741B5 /* Sources */ = {
			isa = PBXSourcesBuildPhase;
			buildActionMask = 2147483647;
			files = (
				80835E482A0BE37B004741B5 /* ContentView.swift in Sources */,
				80835E462A0BE37B004741B5 /* SifakaApp.swift in Sources */,
			);
			runOnlyForDeploymentPostprocessing = 0;
		};
		80835E4F2A0BE37C004741B5 /* Sources */ = {
			isa = PBXSourcesBuildPhase;
			buildActionMask = 2147483647;
			files = (
				80835E582A0BE37C004741B5 /* SifakaTests.swift in Sources */,
			);
			runOnlyForDeploymentPostprocessing = 0;
		};
		80835E592A0BE37C004741B5 /* Sources */ = {
			isa = PBXSourcesBuildPhase;
			buildActionMask = 2147483647;
			files = (
				80835E622A0BE37C004741B5 /* SifakaUITests.swift in Sources */,
				80835E642A0BE37C004741B5 /* SifakaUITestsLaunchTests.swift in Sources */,
			);
			runOnlyForDeploymentPostprocessing = 0;
		};
/* End PBXSourcesBuildPhase section */

/* Begin PBXTargetDependency section */
		80835E552A0BE37C004741B5 /* PBXTargetDependency */ = {
			isa = PBXTargetDependency;
			target = 80835E412A0BE37B004741B5 /* Sifaka */;
			targetProxy = 80835E542A0BE37C004741B5 /* PBXContainerItemProxy */;
		};
		80835E5F2A0BE37C004741B5 /* PBXTargetDependency */ = {
			isa = PBXTargetDependency;
			target = 80835E412A0BE37B004741B5 /* Sifaka */;
			targetProxy = 80835E5E2A0BE37C004741B5 /* PBXContainerItemProxy */;
		};
/* End PBXTargetDependency section */

/* Begin XCBuildConfiguration section */
		80835E652A0BE37C004741B5 /* Debug */ = {
			isa = XCBuildConfiguration;
			buildSettings = {
				ALWAYS_SEARCH_USER_PATHS = NO;
				CLANG_ANALYZER_NONNULL = YES;
				CLANG_ANALYZER_NUMBER_OBJECT_CONVERSION = YES_AGGRESSIVE;
				CLANG_CXX_LANGUAGE_STANDARD = "gnu++20";
				CLANG_ENABLE_MODULES = YES;
				CLANG_ENABLE_OBJC_ARC = YES;
				CLANG_ENABLE_OBJC_WEAK = YES;
				CLANG_WARN_BLOCK_CAPTURE_AUTORELEASING = YES;
				CLANG_WARN_BOOL_CONVERSION = YES;
				CLANG_WARN_COMMA = YES;
				CLANG_WARN_CONSTANT_CONVERSION = YES;
				CLANG_WARN_DEPRECATED_OBJC_IMPLEMENTATIONS = YES;
				CLANG_WARN_DIRECT_OBJC_ISA_USAGE = YES_ERROR;
				CLANG_WARN_DOCUMENTATION_COMMENTS = YES;
				CLANG_WARN_EMPTY_BODY = YES;
				CLANG_WARN_ENUM_CONVERSION = YES;
				CLANG_WARN_INFINITE_RECURSION = YES;
				CLANG_WARN_INT_CONVERSION = YES;
				CLANG_WARN_NON_LITERAL_NULL_CONVERSION = YES;
				CLANG_WARN_OBJC_IMPLICIT_RETAIN_SELF = YES;
				CLANG_WARN_OBJC_LITERAL_CONVERSION = YES;
				CLANG_WARN_OBJC_ROOT_CLASS = YES_ERROR;
				CLANG_WARN_QUOTED_INCLUDE_IN_FRAMEWORK_HEADER = YES;
				CLANG_WARN_RANGE_LOOP_ANALYSIS = YES;
				CLANG_WARN_STRICT_PROTOTYPES = YES;
				CLANG_WARN_SUSPICIOUS_MOVE = YES;
				CLANG_WARN_UNGUARDED_AVAILABILITY = YES_AGGRESSIVE;
				CLANG_WARN_UNREACHABLE_CODE = YES;
				CLANG_WARN__DUPLICATE_METHOD_MATCH = YES;
				COPY_PHASE_STRIP = NO;
				DEBUG_INFORMATION_FORMAT = dwarf;
				ENABLE_STRICT_OBJC_MSGSEND = YES;
				ENABLE_TESTABILITY = YES;
				GCC_C_LANGUAGE_STANDARD = gnu11;
				GCC_DYNAMIC_NO_PIC = NO;
				GCC_NO_COMMON_BLOCKS = YES;
				GCC_OPTIMIZATION_LEVEL = 0;
				GCC_PREPROCESSOR_DEFINITIONS = (
					"DEBUG=1",
					"$(inherited)",
				);
				GCC_WARN_64_TO_32_BIT_CONVERSION = YES;
				GCC_WARN_ABOUT_RETURN_TYPE = YES_ERROR;
				GCC_WARN_UNDECLARED_SELECTOR = YES;
				GCC_WARN_UNINITIALIZED_AUTOS = YES_AGGRESSIVE;
				GCC_WARN_UNUSED_FUNCTION = YES;
				GCC_WARN_UNUSED_VARIABLE = YES;
				MACOSX_DEPLOYMENT_TARGET = 13.3;
				MTL_ENABLE_DEBUG_INFO = INCLUDE_SOURCE;
				MTL_FAST_MATH = YES;
				ONLY_ACTIVE_ARCH = YES;
				SDKROOT = macosx;
				SWIFT_ACTIVE_COMPILATION_CONDITIONS = DEBUG;
				SWIFT_OPTIMIZATION_LEVEL = "-Onone";
			};
			name = Debug;
		};
		80835E662A0BE37C004741B5 /* Release */ = {
			isa = XCBuildConfiguration;
			buildSettings = {
				ALWAYS_SEARCH_USER_PATHS = NO;
				CLANG_ANALYZER_NONNULL = YES;
				CLANG_ANALYZER_NUMBER_OBJECT_CONVERSION = YES_AGGRESSIVE;
				CLANG_CXX_LANGUAGE_STANDARD = "gnu++20";
				CLANG_ENABLE_MODULES = YES;
				CLANG_ENABLE_OBJC_ARC = YES;
				CLANG_ENABLE_OBJC_WEAK = YES;
				CLANG_WARN_BLOCK_CAPTURE_AUTORELEASING = YES;
				CLANG_WARN_BOOL_CONVERSION = YES;
				CLANG_WARN_COMMA = YES;
				CLANG_WARN_CONSTANT_CONVERSION = YES;
				CLANG_WARN_DEPRECATED_OBJC_IMPLEMENTATIONS = YES;
				CLANG_WARN_DIRECT_OBJC_ISA_USAGE = YES_ERROR;
				CLANG_WARN_DOCUMENTATION_COMMENTS = YES;
				CLANG_WARN_EMPTY_BODY = YES;
				CLANG_WARN_ENUM_CONVERSION = YES;
				CLANG_WARN_INFINITE_RECURSION = YES;
				CLANG_WARN_INT_CONVERSION = YES;
				CLANG_WARN_NON_LITERAL_NULL_CONVERSION = YES;
				CLANG_WARN_OBJC_IMPLICIT_RETAIN_SELF = YES;
				CLANG_WARN_OBJC_LITERAL_CONVERSION = YES;
				CLANG_WARN_OBJC_ROOT_CLASS = YES_ERROR;
				CLANG_WARN_QUOTED_INCLUDE_IN_FRAMEWORK_HEADER = YES;
				CLANG_WARN_RANGE_LOOP_ANALYSIS = YES;
				CLANG_WARN_STRICT_PROTOTYPES = YES;
				CLANG_WARN_SUSPICIOUS_MOVE = YES;
				CLANG_WARN_UNGUARDED_AVAILABILITY = YES_AGGRESSIVE;
				CLANG_WARN_UNREACHABLE_CODE = YES;
				CLANG_WARN__DUPLICATE_METHOD_MATCH = YES;
				COPY_PHASE_STRIP = NO;
				DEBUG_INFORMATION_FORMAT = "dwarf-with-dsym";
				ENABLE_NS_ASSERTIONS = NO;
				ENABLE_STRICT_OBJC_MSGSEND = YES;
				GCC_C_LANGUAGE_STANDARD = gnu11;
				GCC_NO_COMMON_BLOCKS = YES;
				GCC_WARN_64_TO_32_BIT_CONVERSION = YES;
				GCC_WARN_ABOUT_RETURN_TYPE = YES_ERROR;
				GCC_WARN_UNDECLARED_SELECTOR = YES;
				GCC_WARN_UNINITIALIZED_AUTOS = YES_AGGRESSIVE;
				GCC_WARN_UNUSED_FUNCTION = YES;
				GCC_WARN_UNUSED_VARIABLE = YES;
				MACOSX_DEPLOYMENT_TARGET = 13.3;
				MTL_ENABLE_DEBUG_INFO = NO;
				MTL_FAST_MATH = YES;
				SDKROOT = macosx;
				SWIFT_COMPILATION_MODE = wholemodule;
				SWIFT_OPTIMIZATION_LEVEL = "-O";
			};
			name = Release;
		};
		80835E682A0BE37C004741B5 /* Debug */ = {
			isa = XCBuildConfiguration;
			buildSettings = {
				ASSETCATALOG_COMPILER_APPICON_NAME = AppIcon;
				ASSETCATALOG_COMPILER_GLOBAL_ACCENT_COLOR_NAME = AccentColor;
				CODE_SIGN_ENTITLEMENTS = Sifaka/Sifaka.entitlements;
				CODE_SIGN_STYLE = Automatic;
				COMBINE_HIDPI_IMAGES = YES;
				CURRENT_PROJECT_VERSION = 1;
				DEVELOPMENT_ASSET_PATHS = "\"Sifaka/Preview Content\"";
				ENABLE_PREVIEWS = YES;
				GENERATE_INFOPLIST_FILE = YES;
				INFOPLIST_KEY_NSHumanReadableCopyright = "";
				LD_RUNPATH_SEARCH_PATHS = (
					"$(inherited)",
					"@executable_path/../Frameworks",
				);
				MARKETING_VERSION = 1.0;
				PRODUCT_BUNDLE_IDENTIFIER = cosinenetworks.Sifaka;
				PRODUCT_NAME = "$(TARGET_NAME)";
				SWIFT_EMIT_LOC_STRINGS = YES;
				SWIFT_VERSION = 5.0;
			};
			name = Debug;
		};
		80835E692A0BE37C004741B5 /* Release */ = {
			isa = XCBuildConfiguration;
			buildSettings = {
				ASSETCATALOG_COMPILER_APPICON_NAME = AppIcon;
				ASSETCATALOG_COMPILER_GLOBAL_ACCENT_COLOR_NAME = AccentColor;
				CODE_SIGN_ENTITLEMENTS = Sifaka/Sifaka.entitlements;
				CODE_SIGN_STYLE = Automatic;
				COMBINE_HIDPI_IMAGES = YES;
				CURRENT_PROJECT_VERSION = 1;
				DEVELOPMENT_ASSET_PATHS = "\"Sifaka/Preview Content\"";
				ENABLE_PREVIEWS = YES;
				GENERATE_INFOPLIST_FILE = YES;
				INFOPLIST_KEY_NSHumanReadableCopyright = "";
				LD_RUNPATH_SEARCH_PATHS = (
					"$(inherited)",
					"@executable_path/../Frameworks",
				);
				MARKETING_VERSION = 1.0;
				PRODUCT_BUNDLE_IDENTIFIER = cosinenetworks.Sifaka;
				PRODUCT_NAME = "$(TARGET_NAME)";
				SWIFT_EMIT_LOC_STRINGS = YES;
				SWIFT_VERSION = 5.0;
			};
			name = Release;
		};
		80835E6B2A0BE37C004741B5 /* Debug */ = {
			isa = XCBuildConfiguration;
			buildSettings = {
				ALWAYS_EMBED_SWIFT_STANDARD_LIBRARIES = YES;
				BUNDLE_LOADER = "$(TEST_HOST)";
				CODE_SIGN_STYLE = Automatic;
				CURRENT_PROJECT_VERSION = 1;
				GENERATE_INFOPLIST_FILE = YES;
				MACOSX_DEPLOYMENT_TARGET = 13.3;
				MARKETING_VERSION = 1.0;
				PRODUCT_BUNDLE_IDENTIFIER = cosinenetworks.SifakaTests;
				PRODUCT_NAME = "$(TARGET_NAME)";
				SWIFT_EMIT_LOC_STRINGS = NO;
				SWIFT_VERSION = 5.0;
				TEST_HOST = "$(BUILT_PRODUCTS_DIR)/Sifaka.app/$(BUNDLE_EXECUTABLE_FOLDER_PATH)/Sifaka";
			};
			name = Debug;
		};
		80835E6C2A0BE37C004741B5 /* Release */ = {
			isa = XCBuildConfiguration;
			buildSettings = {
				ALWAYS_EMBED_SWIFT_STANDARD_LIBRARIES = YES;
				BUNDLE_LOADER = "$(TEST_HOST)";
				CODE_SIGN_STYLE = Automatic;
				CURRENT_PROJECT_VERSION = 1;
				GENERATE_INFOPLIST_FILE = YES;
				MACOSX_DEPLOYMENT_TARGET = 13.3;
				MARKETING_VERSION = 1.0;
				PRODUCT_BUNDLE_IDENTIFIER = cosinenetworks.SifakaTests;
				PRODUCT_NAME = "$(TARGET_NAME)";
				SWIFT_EMIT_LOC_STRINGS = NO;
				SWIFT_VERSION = 5.0;
				TEST_HOST = "$(BUILT_PRODUCTS_DIR)/Sifaka.app/$(BUNDLE_EXECUTABLE_FOLDER_PATH)/Sifaka";
			};
			name = Release;
		};
		80835E6E2A0BE37C004741B5 /* Debug */ = {
			isa = XCBuildConfiguration;
			buildSettings = {
				ALWAYS_EMBED_SWIFT_STANDARD_LIBRARIES = YES;
				CODE_SIGN_STYLE = Automatic;
				CURRENT_PROJECT_VERSION = 1;
				GENERATE_INFOPLIST_FILE = YES;
				MARKETING_VERSION = 1.0;
				PRODUCT_BUNDLE_IDENTIFIER = cosinenetworks.SifakaUITests;
				PRODUCT_NAME = "$(TARGET_NAME)";
				SWIFT_EMIT_LOC_STRINGS = NO;
				SWIFT_VERSION = 5.0;
				TEST_TARGET_NAME = Sifaka;
			};
			name = Debug;
		};
		80835E6F2A0BE37C004741B5 /* Release */ = {
			isa = XCBuildConfiguration;
			buildSettings = {
				ALWAYS_EMBED_SWIFT_STANDARD_LIBRARIES = YES;
				CODE_SIGN_STYLE = Automatic;
				CURRENT_PROJECT_VERSION = 1;
				GENERATE_INFOPLIST_FILE = YES;
				MARKETING_VERSION = 1.0;
				PRODUCT_BUNDLE_IDENTIFIER = cosinenetworks.SifakaUITests;
				PRODUCT_NAME = "$(TARGET_NAME)";
				SWIFT_EMIT_LOC_STRINGS = NO;
				SWIFT_VERSION = 5.0;
				TEST_TARGET_NAME = Sifaka;
			};
			name = Release;
		};
/* End XCBuildConfiguration section */

/* Begin XCConfigurationList section */
		80835E3D2A0BE37B004741B5 /* Build configuration list for PBXProject "Sifaka" */ = {
			isa = XCConfigurationList;
			buildConfigurations = (
				80835E652A0BE37C004741B5 /* Debug */,
				80835E662A0BE37C004741B5 /* Release */,
			);
			defaultConfigurationIsVisible = 0;
			defaultConfigurationName = Release;
		};
		80835E672A0BE37C004741B5 /* Build configuration list for PBXNativeTarget "Sifaka" */ = {
			isa = XCConfigurationList;
			buildConfigurations = (
				80835E682A0BE37C004741B5 /* Debug */,
				80835E692A0BE37C004741B5 /* Release */,
			);
			defaultConfigurationIsVisible = 0;
			defaultConfigurationName = Release;
		};
		80835E6A2A0BE37C004741B5 /* Build configuration list for PBXNativeTarget "SifakaTests" */ = {
			isa = XCConfigurationList;
			buildConfigurations = (
				80835E6B2A0BE37C004741B5 /* Debug */,
				80835E6C2A0BE37C004741B5 /* Release */,
			);
			defaultConfigurationIsVisible = 0;
			defaultConfigurationName = Release;
		};
		80835E6D2A0BE37C004741B5 /* Build configuration list for PBXNativeTarget "SifakaUITests" */ = {
			isa = XCConfigurationList;
			buildConfigurations = (
				80835E6E2A0BE37C004741B5 /* Debug */,
				80835E6F2A0BE37C004741B5 /* Release */,
			);
			defaultConfigurationIsVisible = 0;
			defaultConfigurationName = Release;
		};
/* End XCConfigurationList section */
	};
	rootObject = 80835E3A2A0BE37B004741B5 /* Project object */;
}
